
Microsoft Visual Studio Solution File, Format Version 12.00
# Visual Studio 15
VisualStudioVersion = 15.0.26403.3
MinimumVisualStudioVersion = 10.0.40219.1
Project("{FAE04EC0-301F-11D3-BF4B-00C04F79EFBC}") = "JobSchedulerHost", "JobSchedulerConsole\JobSchedulerHost.csproj", "{E42365F4-808A-445E-BDBE-74575B2AAD6C}"
EndProject
Project("{FAE04EC0-301F-11D3-BF4B-00C04F79EFBC}") = "JobScheduler", "JobScheduler\JobScheduler.csproj", "{F034DE80-CE53-4ED6-9977-76BD6BFEFE92}"
EndProject
Project("{FAE04EC0-301F-11D3-BF4B-00C04F79EFBC}") = "JobScheduler.Tests", "JobScheduler.Tests\JobScheduler.Tests.csproj", "{BF844E9A-D826-4A6D-AB87-81618B02D35C}"
EndProject
Project("{FAE04EC0-301F-11D3-BF4B-00C04F79EFBC}") = "TestApp", "TestApp\TestApp.csproj", "{A16BCE18-1294-48DA-9C2D-A46E51F01496}"
EndProject
Project("{2150E333-8FDC-42A3-9474-1A3956D46DE8}") = "Solution Items", "Solution Items", "{2388CC0B-5264-468B-8ECC-83F71C18DBE5}"
	ProjectSection(SolutionItems) = preProject
		build.cake = build.cake
		build.ps1 = build.ps1
		README.md = README.md
		Docs\Requirements.md = Docs\Requirements.md
	EndProjectSection
EndProject
Project("{FAE04EC0-301F-11D3-BF4B-00C04F79EFBC}") = "JobSchedulerHost.Tests", "JobSchedulerConsole.Tests\JobSchedulerHost.Tests.csproj", "{2A2418C4-E5E7-496E-9DFC-9EB3A7549F9F}"
EndProject
Global
	GlobalSection(SolutionConfigurationPlatforms) = preSolution
		Debug|Any CPU = Debug|Any CPU
		Release|Any CPU = Release|Any CPU
	EndGlobalSection
	GlobalSection(ProjectConfigurationPlatforms) = postSolution
		{E42365F4-808A-445E-BDBE-74575B2AAD6C}.Debug|Any CPU.ActiveCfg = Debug|Any CPU
		{E42365F4-808A-445E-BDBE-74575B2AAD6C}.Debug|Any CPU.Build.0 = Debug|Any CPU
		{E42365F4-808A-445E-BDBE-74575B2AAD6C}.Release|Any CPU.ActiveCfg = Release|Any CPU
		{E42365F4-808A-445E-BDBE-74575B2AAD6C}.Release|Any CPU.Build.0 = Release|Any CPU
		{F034DE80-CE53-4ED6-9977-76BD6BFEFE92}.Debug|Any CPU.ActiveCfg = Debug|Any CPU
		{F034DE80-CE53-4ED6-9977-76BD6BFEFE92}.Debug|Any CPU.Build.0 = Debug|Any CPU
		{F034DE80-CE53-4ED6-9977-76BD6BFEFE92}.Release|Any CPU.ActiveCfg = Release|Any CPU
		{F034DE80-CE53-4ED6-9977-76BD6BFEFE92}.Release|Any CPU.Build.0 = Release|Any CPU
		{BF844E9A-D826-4A6D-AB87-81618B02D35C}.Debug|Any CPU.ActiveCfg = Debug|Any CPU
		{BF844E9A-D826-4A6D-AB87-81618B02D35C}.Debug|Any CPU.Build.0 = Debug|Any CPU
		{BF844E9A-D826-4A6D-AB87-81618B02D35C}.Release|Any CPU.ActiveCfg = Release|Any CPU
		{BF844E9A-D826-4A6D-AB87-81618B02D35C}.Release|Any CPU.Build.0 = Release|Any CPU
		{A16BCE18-1294-48DA-9C2D-A46E51F01496}.Debug|Any CPU.ActiveCfg = Debug|Any CPU
		{A16BCE18-1294-48DA-9C2D-A46E51F01496}.Debug|Any CPU.Build.0 = Debug|Any CPU
		{A16BCE18-1294-48DA-9C2D-A46E51F01496}.Release|Any CPU.ActiveCfg = Release|Any CPU
		{A16BCE18-1294-48DA-9C2D-A46E51F01496}.Release|Any CPU.Build.0 = Release|Any CPU
		{2A2418C4-E5E7-496E-9DFC-9EB3A7549F9F}.Debug|Any CPU.ActiveCfg = Debug|Any CPU
		{2A2418C4-E5E7-496E-9DFC-9EB3A7549F9F}.Debug|Any CPU.Build.0 = Debug|Any CPU
		{2A2418C4-E5E7-496E-9DFC-9EB3A7549F9F}.Release|Any CPU.ActiveCfg = Release|Any CPU
		{2A2418C4-E5E7-496E-9DFC-9EB3A7549F9F}.Release|Any CPU.Build.0 = Release|Any CPU
	EndGlobalSection
	GlobalSection(SolutionProperties) = preSolution
		HideSolutionNode = FALSE
	EndGlobalSection
EndGlobal
